
Microsoft Visual Studio Solution File, Format Version 12.00
# Visual Studio 15
VisualStudioVersion = 15.0.28307.1525
MinimumVisualStudioVersion = 10.0.40219.1
Project("{FAE04EC0-301F-11D3-BF4B-00C04F79EFBC}") = "LSPImgs", "LSPImgs\LSPImgs.csproj", "{7A434160-A6AF-4862-9DE6-2E1EEAD07BC8}"
EndProject
Global
	GlobalSection(SolutionConfigurationPlatforms) = preSolution
		Debug|Any CPU = Debug|Any CPU
		Release|Any CPU = Release|Any CPU
	EndGlobalSection
	GlobalSection(ProjectConfigurationPlatforms) = postSolution
		{7A434160-A6AF-4862-9DE6-2E1EEAD07BC8}.Debug|Any CPU.ActiveCfg = Debug|Any CPU
		{7A434160-A6AF-4862-9DE6-2E1EEAD07BC8}.Debug|Any CPU.Build.0 = Debug|Any CPU
		{7A434160-A6AF-4862-9DE6-2E1EEAD07BC8}.Release|Any CPU.ActiveCfg = Release|Any CPU
		{7A434160-A6AF-4862-9DE6-2E1EEAD07BC8}.Release|Any CPU.Build.0 = Release|Any CPU
	EndGlobalSection
	GlobalSection(SolutionProperties) = preSolution
		HideSolutionNode = FALSE
	EndGlobalSection
	GlobalSection(ExtensibilityGlobals) = postSolution
		SolutionGuid = {798DD9B3-A3C0-4938-9FA1-EA8F9BA02ED0}
	EndGlobalSection
EndGlobal
